# THIS IS AN AUTOGENERATED FILE. DO NOT EDIT THIS FILE DIRECTLY.
# yarn lockfile v1


"@babel/runtime@^7.12.5", "@babel/runtime@^7.8.4":
  version "7.12.5"
  resolved "https://registry.yarnpkg.com/@babel/runtime/-/runtime-7.12.5.tgz#410e7e487441e1b360c29be715d870d9b985882e"
  integrity sha512-plcc+hbExy3McchJCEQG3knOsuh3HH+Prx1P6cLIkET/0dLuQDEnrT+s27Axgc9bqfsmNUNHfscgMUdBpC9xfg==
  dependencies:
    regenerator-runtime "^0.13.4"

"@icons/material@^0.2.4":
  version "0.2.4"
  resolved "https://registry.yarnpkg.com/@icons/material/-/material-0.2.4.tgz#e90c9f71768b3736e76d7dd6783fc6c2afa88bc8"
  integrity sha512-QPcGmICAPbGLGb6F/yNf/KzKqvFx8z5qx3D1yFqVAjoFmXK35EgyW+cJ57Te3CNsmzblwtzakLGFqHPqrfb4Tw==

"@popperjs/core@^2.6.0":
  version "2.6.0"
  resolved "https://registry.yarnpkg.com/@popperjs/core/-/core-2.6.0.tgz#f022195afdfc942e088ee2101285a1d31c7d727f"
  integrity sha512-cPqjjzuFWNK3BSKLm0abspP0sp/IGOli4p5I5fKFAzdS8fvjdOwDCfZqAaIiXd9lPkOWi3SUUfZof3hEb7J/uw==

"@types/lodash.debounce@^4.0.6":
  version "4.0.6"
  resolved "https://registry.yarnpkg.com/@types/lodash.debounce/-/lodash.debounce-4.0.6.tgz#c5a2326cd3efc46566c47e4c0aa248dc0ee57d60"
  integrity sha512-4WTmnnhCfDvvuLMaF3KV4Qfki93KebocUF45msxhYyjMttZDQYzHkO639ohhk8+oco2cluAFL3t5+Jn4mleylQ==
  dependencies:
    "@types/lodash" "*"

"@types/lodash.foreach@^4.5.6":
  version "4.5.6"
  resolved "https://registry.yarnpkg.com/@types/lodash.foreach/-/lodash.foreach-4.5.6.tgz#24735299139a739e436ab4fb8a6a31ca3d54bbb3"
  integrity sha512-A8+157A+27zwJSstmW/eWPc9lHLJNEer4jiMlsyxWieBxEx0arwB9vgQm+iai6DEDYYQuufHrzVhQOiapCalQQ==
  dependencies:
    "@types/lodash" "*"

"@types/lodash@*":
  version "4.14.165"
  resolved "https://registry.yarnpkg.com/@types/lodash/-/lodash-4.14.165.tgz#74d55d947452e2de0742bad65270433b63a8c30f"
  integrity sha512-tjSSOTHhI5mCHTy/OOXYIhi2Wt1qcbHmuXD1Ha7q70CgI/I71afO4XtLb/cVexki1oVYchpul/TOuu3Arcdxrg==

"@types/tinycolor2@^1.4.2":
  version "1.4.2"
  resolved "https://registry.yarnpkg.com/@types/tinycolor2/-/tinycolor2-1.4.2.tgz#721ca5c5d1a2988b4a886e35c2ffc5735b6afbdf"
  integrity sha512-PeHg/AtdW6aaIO2a+98Xj7rWY4KC1E6yOy7AFknJQ7VXUGNrMlyxDFxJo7HqLtjQms/ZhhQX52mLVW/EX3JGOw==

"@zendeskgarden/container-focusvisible@^0.4.3":
  version "0.4.5"
  resolved "https://registry.yarnpkg.com/@zendeskgarden/container-focusvisible/-/container-focusvisible-0.4.5.tgz#6b9f701730ff21c36173e4bd5fab6b36e6d57e0b"
  integrity sha512-cFCdDHda8s50oXVY7yqf1ZBI+n0HR2wvbVK604SX+BV9U/KYkkqvNWxZ46SCppLG7b8O7DG4XpzUPow1VPOS/A==
  dependencies:
    "@babel/runtime" "^7.8.4"

"@zendeskgarden/container-utilities@^0.5.1":
  version "0.5.4"
  resolved "https://registry.yarnpkg.com/@zendeskgarden/container-utilities/-/container-utilities-0.5.4.tgz#8550404cafd0aab5ed80f3da0a51d424e8e3facb"
  integrity sha512-Iz6YZ6va3JIShzKXKjK4TCf168GSX+/XeeBr6o9MTJ4K84lO0F0ZX2GIFuZmacfkBjCXfyNxj4aua/5/1ZXyPg==
  dependencies:
    "@babel/runtime" "^7.8.4"

"@zendeskgarden/react-theming@^8.0.0":
  version "8.28.2"
  resolved "https://registry.yarnpkg.com/@zendeskgarden/react-theming/-/react-theming-8.28.2.tgz#36238f29ff2892a5d235308ad1ad81be635c6dc3"
  integrity sha512-CvJnqAb6iCQrZ5clA1GKzRFM5EQwKYm9eKCabgVHam7rFk898x6l54ekMeJ0urnfbuYQHW2+rqYIuHiptrFaIg==
  dependencies:
    "@zendeskgarden/container-focusvisible" "^0.4.3"
    "@zendeskgarden/container-utilities" "^0.5.1"
    polished "^4.0.0"

"js-tokens@^3.0.0 || ^4.0.0":
  version "4.0.0"
  resolved "https://registry.yarnpkg.com/js-tokens/-/js-tokens-4.0.0.tgz#19203fb59991df98e3a287050d4647cdeaf32499"
  integrity sha512-RdJUflcE3cUzKiMqQgsCu06FPu9UdIJO0beYbPhHN4k6apgJtifcoCtT9bcxOpYBtpD2kCM6Sbzg4CausW/PKQ==

lodash-es@^4.17.15:
  version "4.17.20"
  resolved "https://registry.yarnpkg.com/lodash-es/-/lodash-es-4.17.20.tgz#29f6332eefc60e849f869c264bc71126ad61e8f7"
  integrity sha512-JD1COMZsq8maT6mnuz1UMV0jvYD0E0aUsSOdrr1/nAG3dhqQXwRRgeW0cSqH1U43INKcqxaiVIQNOUDld7gRDA==

lodash.debounce@^4.0.8:
  version "4.0.8"
  resolved "https://registry.yarnpkg.com/lodash.debounce/-/lodash.debounce-4.0.8.tgz#82d79bff30a67c4005ffd5e2515300ad9ca4d7af"
  integrity sha1-gteb/zCmfEAF/9XiUVMArZyk168=

lodash.foreach@^4.5.0:
  version "4.5.0"
  resolved "https://registry.yarnpkg.com/lodash.foreach/-/lodash.foreach-4.5.0.tgz#1a6a35eace401280c7f06dddec35165ab27e3e53"
  integrity sha1-Gmo16s5AEoDH8G3d7DUWWrJ+PlM=

lodash@^4.0.1, lodash@^4.17.15:
  version "4.17.20"
  resolved "https://registry.yarnpkg.com/lodash/-/lodash-4.17.20.tgz#b44a9b6297bcb698f1c51a3545a2b3b368d59c52"
  integrity sha512-PlhdFcillOINfeV7Ni6oF1TAEayyZBoZ8bcshTHqOYJYlrqzRK5hagpagky5o4HfCzzd1TRkXPMFq6cKk9rGmA==

loose-envify@^1.0.0, loose-envify@^1.4.0:
  version "1.4.0"
  resolved "https://registry.yarnpkg.com/loose-envify/-/loose-envify-1.4.0.tgz#71ee51fa7be4caec1a63839f7e682d8132d30caf"
  integrity sha512-lyuxPGr/Wfhrlem2CL/UcnUc1zcqKAImBDzukY7Y5F/yQiNdko6+fRLevlw1HgMySw7f611UIY408EtxRSoK3Q==
  dependencies:
    js-tokens "^3.0.0 || ^4.0.0"

material-colors@^1.2.1:
  version "1.2.6"
  resolved "https://registry.yarnpkg.com/material-colors/-/material-colors-1.2.6.tgz#6d1958871126992ceecc72f4bcc4d8f010865f46"
  integrity sha512-6qE4B9deFBIa9YSpOc9O0Sgc43zTeVYbgDT5veRKSlB2+ZuHNoVVxA1L/ckMUayV9Ay9y7Z/SZCLcGteW9i7bg==

object-assign@^4.1.1:
  version "4.1.1"
  resolved "https://registry.yarnpkg.com/object-assign/-/object-assign-4.1.1.tgz#2109adc7965887cfc05cbbd442cac8bfbb360863"
  integrity sha1-IQmtx5ZYh8/AXLvUQsrIv7s2CGM=

polished@^4.0.0:
  version "4.0.5"
  resolved "https://registry.yarnpkg.com/polished/-/polished-4.0.5.tgz#3f91873c8f72dec1723b3f892f57fbb22645b23d"
  integrity sha512-BY2+LVtOHQWBQpGN4GPAKpCdsBePOdSdHTpZegRDRCrvGPkRPTx1DEC+vGjIDPhXS7W2qiBxschnwRWTFdMZag==
  dependencies:
    "@babel/runtime" "^7.12.5"

prop-types@^15.5.10:
  version "15.7.2"
  resolved "https://registry.yarnpkg.com/prop-types/-/prop-types-15.7.2.tgz#52c41e75b8c87e72b9d9360e0206b99dcbffa6c5"
  integrity sha512-8QQikdH7//R2vurIJSutZ1smHYTcLpRWEOlHnzcWHmBYrOGUysKwSsrC89BCiFj3CbrfJ/nXFdJepOVrY1GCHQ==
  dependencies:
    loose-envify "^1.4.0"
    object-assign "^4.1.1"
    react-is "^16.8.1"

react-color@^2.19.3:
  version "2.19.3"
  resolved "https://registry.yarnpkg.com/react-color/-/react-color-2.19.3.tgz#ec6c6b4568312a3c6a18420ab0472e146aa5683d"
  integrity sha512-LEeGE/ZzNLIsFWa1TMe8y5VYqr7bibneWmvJwm1pCn/eNmrabWDh659JSPn9BuaMpEfU83WTOJfnCcjDZwNQTA==
  dependencies:
    "@icons/material" "^0.2.4"
    lodash "^4.17.15"
    lodash-es "^4.17.15"
    material-colors "^1.2.1"
    prop-types "^15.5.10"
    reactcss "^1.2.0"
    tinycolor2 "^1.4.1"

react-fast-compare@^3.0.1:
  version "3.2.0"
  resolved "https://registry.yarnpkg.com/react-fast-compare/-/react-fast-compare-3.2.0.tgz#641a9da81b6a6320f270e89724fb45a0b39e43bb"
  integrity sha512-rtGImPZ0YyLrscKI9xTpV8psd6I8VAtjKCzQDlzyDvqJA8XOW78TXYQwNRNd8g8JZnDu8q9Fu/1v4HPAVwVdHA==

react-is@^16.8.1:
  version "16.13.1"
  resolved "https://registry.yarnpkg.com/react-is/-/react-is-16.13.1.tgz#789729a4dc36de2999dc156dd6c1d9c18cea56a4"
  integrity sha512-24e6ynE2H+OKt4kqsOvNd8kBpV65zoxbA4BVsEOB3ARVWQki/DHzaUoC5KuON/BiccDaCCTZBuOcfZs70kR8bQ==

react-popper@^2.2.4:
  version "2.2.4"
  resolved "https://registry.yarnpkg.com/react-popper/-/react-popper-2.2.4.tgz#d2ad3d2474ac9f1abf93df3099d408e5aa6a2e22"
  integrity sha512-NacOu4zWupdQjVXq02XpTD3yFPSfg5a7fex0wa3uGKVkFK7UN6LvVxgcb+xYr56UCuWiNPMH20tntdVdJRwYew==
  dependencies:
    react-fast-compare "^3.0.1"
    warning "^4.0.2"

reactcss@^1.2.0:
  version "1.2.3"
  resolved "https://registry.yarnpkg.com/reactcss/-/reactcss-1.2.3.tgz#c00013875e557b1cf0dfd9a368a1c3dab3b548dd"
  integrity sha512-KiwVUcFu1RErkI97ywr8nvx8dNOpT03rbnma0SSalTYjkrPYaEajR4a/MRt6DZ46K6arDRbWMNHF+xH7G7n/8A==
  dependencies:
    lodash "^4.0.1"

regenerator-runtime@^0.13.4:
  version "0.13.7"
  resolved "https://registry.yarnpkg.com/regenerator-runtime/-/regenerator-runtime-0.13.7.tgz#cac2dacc8a1ea675feaabaeb8ae833898ae46f55"
  integrity sha512-a54FxoJDIr27pgf7IgeQGxmqUNYrcV338lf/6gH456HZ/PhX+5BcwHXG9ajESmwe6WRO0tAzRUrRmNONWgkrew==

tinycolor2@^1.4.1:
  version "1.4.2"
  resolved "https://registry.yarnpkg.com/tinycolor2/-/tinycolor2-1.4.2.tgz#3f6a4d1071ad07676d7fa472e1fac40a719d8803"
  integrity sha512-vJhccZPs965sV/L2sU4oRQVAos0pQXwsvTLkWYdqJ+a8Q5kPFzJTuOFwy7UniPli44NKQGAglksjvOcpo95aZA==

warning@^4.0.2:
  version "4.0.3"
  resolved "https://registry.yarnpkg.com/warning/-/warning-4.0.3.tgz#16e9e077eb8a86d6af7d64aa1e05fd85b4678ca3"
  integrity sha512-rpJyN222KWIvHJ/F53XSZv0Zl/accqHR8et1kpaMTD/fLCRxtV8iX8czMzY7sVZupTI3zcUTg8eycS2kNF9l6w==
  dependencies:
    loose-envify "^1.0.0"
